
Microsoft Visual Studio Solution File, Format Version 12.00
# Visual Studio Version 17
VisualStudioVersion = 17.5.2.0
MinimumVisualStudioVersion = 10.0.40219.1
Project("{FAE04EC0-301F-11D3-BF4B-00C04F79EFBC}") = "ELearnApp", "ELearnApp.csproj", "{D895B198-2653-8688-FE32-F0F7C88A84EC}"
EndProject
Project("{FAE04EC0-301F-11D3-BF4B-00C04F79EFBC}") = "ELearnAppTest", "..\ELearnAppTest\ELearnAppTest.csproj", "{C4FC656E-EE5D-4F5E-AE03-C896A5325602}"
EndProject
Global
	GlobalSection(SolutionConfigurationPlatforms) = preSolution
		Debug|Any CPU = Debug|Any CPU
		Debug|x64 = Debug|x64
		Debug|x86 = Debug|x86
		Release|Any CPU = Release|Any CPU
		Release|x64 = Release|x64
		Release|x86 = Release|x86
	EndGlobalSection
	GlobalSection(ProjectConfigurationPlatforms) = postSolution
		{D895B198-2653-8688-FE32-F0F7C88A84EC}.Debug|Any CPU.ActiveCfg = Debug|Any CPU
		{D895B198-2653-8688-FE32-F0F7C88A84EC}.Debug|Any CPU.Build.0 = Debug|Any CPU
		{D895B198-2653-8688-FE32-F0F7C88A84EC}.Debug|x64.ActiveCfg = Debug|Any CPU
		{D895B198-2653-8688-FE32-F0F7C88A84EC}.Debug|x64.Build.0 = Debug|Any CPU
		{D895B198-2653-8688-FE32-F0F7C88A84EC}.Debug|x86.ActiveCfg = Debug|Any CPU
		{D895B198-2653-8688-FE32-F0F7C88A84EC}.Debug|x86.Build.0 = Debug|Any CPU
		{D895B198-2653-8688-FE32-F0F7C88A84EC}.Release|Any CPU.ActiveCfg = Release|Any CPU
		{D895B198-2653-8688-FE32-F0F7C88A84EC}.Release|Any CPU.Build.0 = Release|Any CPU
		{D895B198-2653-8688-FE32-F0F7C88A84EC}.Release|x64.ActiveCfg = Release|Any CPU
		{D895B198-2653-8688-FE32-F0F7C88A84EC}.Release|x64.Build.0 = Release|Any CPU
		{D895B198-2653-8688-FE32-F0F7C88A84EC}.Release|x86.ActiveCfg = Release|Any CPU
		{D895B198-2653-8688-FE32-F0F7C88A84EC}.Release|x86.Build.0 = Release|Any CPU
		{C4FC656E-EE5D-4F5E-AE03-C896A5325602}.Debug|Any CPU.ActiveCfg = Debug|Any CPU
		{C4FC656E-EE5D-4F5E-AE03-C896A5325602}.Debug|Any CPU.Build.0 = Debug|Any CPU
		{C4FC656E-EE5D-4F5E-AE03-C896A5325602}.Debug|x64.ActiveCfg = Debug|Any CPU
		{C4FC656E-EE5D-4F5E-AE03-C896A5325602}.Debug|x64.Build.0 = Debug|Any CPU
		{C4FC656E-EE5D-4F5E-AE03-C896A5325602}.Debug|x86.ActiveCfg = Debug|Any CPU
		{C4FC656E-EE5D-4F5E-AE03-C896A5325602}.Debug|x86.Build.0 = Debug|Any CPU
		{C4FC656E-EE5D-4F5E-AE03-C896A5325602}.Release|Any CPU.ActiveCfg = Release|Any CPU
		{C4FC656E-EE5D-4F5E-AE03-C896A5325602}.Release|Any CPU.Build.0 = Release|Any CPU
		{C4FC656E-EE5D-4F5E-AE03-C896A5325602}.Release|x64.ActiveCfg = Release|Any CPU
		{C4FC656E-EE5D-4F5E-AE03-C896A5325602}.Release|x64.Build.0 = Release|Any CPU
		{C4FC656E-EE5D-4F5E-AE03-C896A5325602}.Release|x86.ActiveCfg = Release|Any CPU
		{C4FC656E-EE5D-4F5E-AE03-C896A5325602}.Release|x86.Build.0 = Release|Any CPU
	EndGlobalSection
	GlobalSection(SolutionProperties) = preSolution
		HideSolutionNode = FALSE
	EndGlobalSection
	GlobalSection(ExtensibilityGlobals) = postSolution
		SolutionGuid = {15FC31F3-654C-48B1-99C1-D3E02315B0F6}
	EndGlobalSection
EndGlobal
