
Microsoft Visual Studio Solution File, Format Version 12.00
# Visual Studio Version 17
VisualStudioVersion = 17.0.31903.59
MinimumVisualStudioVersion = 10.0.40219.1
Project("{FAE04EC0-301F-11D3-BF4B-00C04F79EFBC}") = "FileHandle", "FileHandle\FileHandle.csproj", "{6BD40991-BE5C-4808-AAC9-D54414602FE7}"
EndProject
Project("{FAE04EC0-301F-11D3-BF4B-00C04F79EFBC}") = "HrSystem", "HrSystem\HrSystem.csproj", "{AB3026D2-ACE7-4D38-9105-9695AD342703}"
EndProject
Global
	GlobalSection(SolutionConfigurationPlatforms) = preSolution
		Debug|Any CPU = Debug|Any CPU
		Debug|x64 = Debug|x64
		Debug|x86 = Debug|x86
		Release|Any CPU = Release|Any CPU
		Release|x64 = Release|x64
		Release|x86 = Release|x86
	EndGlobalSection
	GlobalSection(ProjectConfigurationPlatforms) = postSolution
		{6BD40991-BE5C-4808-AAC9-D54414602FE7}.Debug|Any CPU.ActiveCfg = Debug|Any CPU
		{6BD40991-BE5C-4808-AAC9-D54414602FE7}.Debug|Any CPU.Build.0 = Debug|Any CPU
		{6BD40991-BE5C-4808-AAC9-D54414602FE7}.Debug|x64.ActiveCfg = Debug|Any CPU
		{6BD40991-BE5C-4808-AAC9-D54414602FE7}.Debug|x64.Build.0 = Debug|Any CPU
		{6BD40991-BE5C-4808-AAC9-D54414602FE7}.Debug|x86.ActiveCfg = Debug|Any CPU
		{6BD40991-BE5C-4808-AAC9-D54414602FE7}.Debug|x86.Build.0 = Debug|Any CPU
		{6BD40991-BE5C-4808-AAC9-D54414602FE7}.Release|Any CPU.ActiveCfg = Release|Any CPU
		{6BD40991-BE5C-4808-AAC9-D54414602FE7}.Release|Any CPU.Build.0 = Release|Any CPU
		{6BD40991-BE5C-4808-AAC9-D54414602FE7}.Release|x64.ActiveCfg = Release|Any CPU
		{6BD40991-BE5C-4808-AAC9-D54414602FE7}.Release|x64.Build.0 = Release|Any CPU
		{6BD40991-BE5C-4808-AAC9-D54414602FE7}.Release|x86.ActiveCfg = Release|Any CPU
		{6BD40991-BE5C-4808-AAC9-D54414602FE7}.Release|x86.Build.0 = Release|Any CPU
		{AB3026D2-ACE7-4D38-9105-9695AD342703}.Debug|Any CPU.ActiveCfg = Debug|Any CPU
		{AB3026D2-ACE7-4D38-9105-9695AD342703}.Debug|Any CPU.Build.0 = Debug|Any CPU
		{AB3026D2-ACE7-4D38-9105-9695AD342703}.Debug|x64.ActiveCfg = Debug|Any CPU
		{AB3026D2-ACE7-4D38-9105-9695AD342703}.Debug|x64.Build.0 = Debug|Any CPU
		{AB3026D2-ACE7-4D38-9105-9695AD342703}.Debug|x86.ActiveCfg = Debug|Any CPU
		{AB3026D2-ACE7-4D38-9105-9695AD342703}.Debug|x86.Build.0 = Debug|Any CPU
		{AB3026D2-ACE7-4D38-9105-9695AD342703}.Release|Any CPU.ActiveCfg = Release|Any CPU
		{AB3026D2-ACE7-4D38-9105-9695AD342703}.Release|Any CPU.Build.0 = Release|Any CPU
		{AB3026D2-ACE7-4D38-9105-9695AD342703}.Release|x64.ActiveCfg = Release|Any CPU
		{AB3026D2-ACE7-4D38-9105-9695AD342703}.Release|x64.Build.0 = Release|Any CPU
		{AB3026D2-ACE7-4D38-9105-9695AD342703}.Release|x86.ActiveCfg = Release|Any CPU
		{AB3026D2-ACE7-4D38-9105-9695AD342703}.Release|x86.Build.0 = Release|Any CPU
	EndGlobalSection
	GlobalSection(SolutionProperties) = preSolution
		HideSolutionNode = FALSE
	EndGlobalSection
EndGlobal
